
Microsoft Visual Studio Solution File, Format Version 12.00
# Visual Studio Version 16
VisualStudioVersion = 16.0.29306.81
MinimumVisualStudioVersion = 10.0.40219.1
Project("{8BC9CEB8-8B4A-11D0-8D11-00A0C91BC942}") = "중앙제곱법", "중앙제곱법\중앙제곱법.vcxproj", "{7E871E52-632A-4FBB-B43B-05E5D8DDA7A4}"
EndProject
Project("{8BC9CEB8-8B4A-11D0-8D11-00A0C91BC942}") = "선형합동법", "선형합동법\선형합동법.vcxproj", "{5735875B-40E2-4A0F-92AF-3715997F0F3E}"
EndProject
Project("{8BC9CEB8-8B4A-11D0-8D11-00A0C91BC942}") = "Xorshift", "Xorshift\Xorshift.vcxproj", "{731A8EF8-8BB3-463D-A991-61F95A06C588}"
EndProject
Global
	GlobalSection(SolutionConfigurationPlatforms) = preSolution
		Debug|x64 = Debug|x64
		Debug|x86 = Debug|x86
		Release|x64 = Release|x64
		Release|x86 = Release|x86
	EndGlobalSection
	GlobalSection(ProjectConfigurationPlatforms) = postSolution
		{7E871E52-632A-4FBB-B43B-05E5D8DDA7A4}.Debug|x64.ActiveCfg = Debug|x64
		{7E871E52-632A-4FBB-B43B-05E5D8DDA7A4}.Debug|x64.Build.0 = Debug|x64
		{7E871E52-632A-4FBB-B43B-05E5D8DDA7A4}.Debug|x86.ActiveCfg = Debug|Win32
		{7E871E52-632A-4FBB-B43B-05E5D8DDA7A4}.Debug|x86.Build.0 = Debug|Win32
		{7E871E52-632A-4FBB-B43B-05E5D8DDA7A4}.Release|x64.ActiveCfg = Release|x64
		{7E871E52-632A-4FBB-B43B-05E5D8DDA7A4}.Release|x64.Build.0 = Release|x64
		{7E871E52-632A-4FBB-B43B-05E5D8DDA7A4}.Release|x86.ActiveCfg = Release|Win32
		{7E871E52-632A-4FBB-B43B-05E5D8DDA7A4}.Release|x86.Build.0 = Release|Win32
		{5735875B-40E2-4A0F-92AF-3715997F0F3E}.Debug|x64.ActiveCfg = Debug|x64
		{5735875B-40E2-4A0F-92AF-3715997F0F3E}.Debug|x64.Build.0 = Debug|x64
		{5735875B-40E2-4A0F-92AF-3715997F0F3E}.Debug|x86.ActiveCfg = Debug|Win32
		{5735875B-40E2-4A0F-92AF-3715997F0F3E}.Debug|x86.Build.0 = Debug|Win32
		{5735875B-40E2-4A0F-92AF-3715997F0F3E}.Release|x64.ActiveCfg = Release|x64
		{5735875B-40E2-4A0F-92AF-3715997F0F3E}.Release|x64.Build.0 = Release|x64
		{5735875B-40E2-4A0F-92AF-3715997F0F3E}.Release|x86.ActiveCfg = Release|Win32
		{5735875B-40E2-4A0F-92AF-3715997F0F3E}.Release|x86.Build.0 = Release|Win32
		{731A8EF8-8BB3-463D-A991-61F95A06C588}.Debug|x64.ActiveCfg = Debug|x64
		{731A8EF8-8BB3-463D-A991-61F95A06C588}.Debug|x64.Build.0 = Debug|x64
		{731A8EF8-8BB3-463D-A991-61F95A06C588}.Debug|x86.ActiveCfg = Debug|Win32
		{731A8EF8-8BB3-463D-A991-61F95A06C588}.Debug|x86.Build.0 = Debug|Win32
		{731A8EF8-8BB3-463D-A991-61F95A06C588}.Release|x64.ActiveCfg = Release|x64
		{731A8EF8-8BB3-463D-A991-61F95A06C588}.Release|x64.Build.0 = Release|x64
		{731A8EF8-8BB3-463D-A991-61F95A06C588}.Release|x86.ActiveCfg = Release|Win32
		{731A8EF8-8BB3-463D-A991-61F95A06C588}.Release|x86.Build.0 = Release|Win32
	EndGlobalSection
	GlobalSection(SolutionProperties) = preSolution
		HideSolutionNode = FALSE
	EndGlobalSection
	GlobalSection(ExtensibilityGlobals) = postSolution
		SolutionGuid = {E1FF520D-6991-4F26-8424-F3B258F19F03}
	EndGlobalSection
EndGlobal
